
Microsoft Visual Studio Solution File, Format Version 12.00
# Visual Studio Version 17
VisualStudioVersion = 17.14.37614.0 d17.14
MinimumVisualStudioVersion = 10.0.40219.1
Project("{FAE04EC0-301F-11D3-BF4B-00C04F79EFBC}") = "CsharpPractice04", "CsharpPractice04.csproj", "{A20A04B7-07AB-4E3C-8F87-A11D771BC297}"
EndProject
Global
	GlobalSection(SolutionConfigurationPlatforms) = preSolution
		Debug|Any CPU = Debug|Any CPU
		Release|Any CPU = Release|Any CPU
	EndGlobalSection
	GlobalSection(ProjectConfigurationPlatforms) = postSolution
		{A20A04B7-07AB-4E3C-8F87-A11D771BC297}.Debug|Any CPU.ActiveCfg = Debug|Any CPU
		{A20A04B7-07AB-4E3C-8F87-A11D771BC297}.Debug|Any CPU.Build.0 = Debug|Any CPU
		{A20A04B7-07AB-4E3C-8F87-A11D771BC297}.Release|Any CPU.ActiveCfg = Release|Any CPU
		{A20A04B7-07AB-4E3C-8F87-A11D771BC297}.Release|Any CPU.Build.0 = Release|Any CPU
	EndGlobalSection
	GlobalSection(SolutionProperties) = preSolution
		HideSolutionNode = FALSE
	EndGlobalSection
	GlobalSection(ExtensibilityGlobals) = postSolution
		SolutionGuid = {620A598A-111E-47EB-BDE4-1B79C57ECE78}
	EndGlobalSection
EndGlobal
