
Microsoft Visual Studio Solution File, Format Version 12.00
# Visual Studio Version 17
VisualStudioVersion = 17.14.37614.0 d17.14
MinimumVisualStudioVersion = 10.0.40219.1
Project("{FAE04EC0-301F-11D3-BF4B-00C04F79EFBC}") = "CsharpPractice02", "CsharpPractice02.csproj", "{EC3F5843-D519-43B0-9500-C3FFA542408D}"
EndProject
Global
	GlobalSection(SolutionConfigurationPlatforms) = preSolution
		Debug|Any CPU = Debug|Any CPU
		Release|Any CPU = Release|Any CPU
	EndGlobalSection
	GlobalSection(ProjectConfigurationPlatforms) = postSolution
		{EC3F5843-D519-43B0-9500-C3FFA542408D}.Debug|Any CPU.ActiveCfg = Debug|Any CPU
		{EC3F5843-D519-43B0-9500-C3FFA542408D}.Debug|Any CPU.Build.0 = Debug|Any CPU
		{EC3F5843-D519-43B0-9500-C3FFA542408D}.Release|Any CPU.ActiveCfg = Release|Any CPU
		{EC3F5843-D519-43B0-9500-C3FFA542408D}.Release|Any CPU.Build.0 = Release|Any CPU
	EndGlobalSection
	GlobalSection(SolutionProperties) = preSolution
		HideSolutionNode = FALSE
	EndGlobalSection
	GlobalSection(ExtensibilityGlobals) = postSolution
		SolutionGuid = {69EEA4BC-0871-453D-B633-67AC2B838A05}
	EndGlobalSection
EndGlobal
